{
  "version": 4,
  "terraform_version": "1.4.0",
  "serial": 3,
  "lineage": "13ffff99-a56b-a4ad-71c3-85f2aa835da6",
  "outputs": {
    "MYOUTPUT": {
      "value": "ssh-rsa AAAAB3NzaC1yc2EAAAADAQABAAACAQCxTJsDsy2InUlvI5prD//Fyx6Hv/eoRShPn5iDsOi9q8hrxAhjqFe1ES+yp3upoe4c5+d1BQVAnDrg4kYeHTFDjHaLRuk4MNPRjXRvJfGVW+PsabWijZjkTsrv6Vi5ydkjOp+pNAH2dJ2R5/VjRYbSE64CcrVj7ufhyDpbdqAbb671h0mROA0gZu2GZhtOaVBNTE23zPBAahv0g5tH5VZP4LUJMrg6uG7lyXWX9oz+qNAsBk8BTNOV+Of4QCn+yjVw8+TwVSUpySDT2WrI193q9QC0cuJ1D99bOM8k48Z8RrJ0CRXISg1j0xY8RByJnz5zQQjgXw1R9QZoq1J6HkTd4FBKx9E55DmrUahxVFrba7BofcZ+pypCsEqgIPeMCgvYEblQCxfQ5Ei4r52/8Ew7yqMwVdotKjeWqhRV0EbAe5+TO9e0NDZP8D/QO/+uG9qNon7ERGvFGlq73XuMj14MoHu0eHHbnQeHOnz7/P7+o3Nwq4cPV5Exp/vTv8usxq84GPwtdF7hyuRzbT0tTXZzUvVdmHgpUOGo9yMvHPW1wk/U4NjC97ZJf5maB/YaEAb9zTPNudKkm4xLcuZn5Bx0y72x6pjSHi2wmsAi7bmLRStR2LT8XVXU3dJ2dH6MGN5kGXufU0gnuXVdDBPGuheBtCCuuyuoR/syCxOPEDBnxQ== dongwook.test9@gmail.com\n",
      "type": "string"
    }
  },
  "resources": [
    {
      "mode": "data",
      "type": "template_file",
      "name": "ssh_key",
      "provider": "provider[\"registry.terraform.io/hashicorp/template\"]",
      "instances": [
        {
          "schema_version": 0,
          "attributes": {
            "filename": null,
            "id": "77b56eede0595a233b085b4872e7a9a79865d7f334363cce15331334f9e06a96",
            "rendered": "ssh-rsa AAAAB3NzaC1yc2EAAAADAQABAAACAQCxTJsDsy2InUlvI5prD//Fyx6Hv/eoRShPn5iDsOi9q8hrxAhjqFe1ES+yp3upoe4c5+d1BQVAnDrg4kYeHTFDjHaLRuk4MNPRjXRvJfGVW+PsabWijZjkTsrv6Vi5ydkjOp+pNAH2dJ2R5/VjRYbSE64CcrVj7ufhyDpbdqAbb671h0mROA0gZu2GZhtOaVBNTE23zPBAahv0g5tH5VZP4LUJMrg6uG7lyXWX9oz+qNAsBk8BTNOV+Of4QCn+yjVw8+TwVSUpySDT2WrI193q9QC0cuJ1D99bOM8k48Z8RrJ0CRXISg1j0xY8RByJnz5zQQjgXw1R9QZoq1J6HkTd4FBKx9E55DmrUahxVFrba7BofcZ+pypCsEqgIPeMCgvYEblQCxfQ5Ei4r52/8Ew7yqMwVdotKjeWqhRV0EbAe5+TO9e0NDZP8D/QO/+uG9qNon7ERGvFGlq73XuMj14MoHu0eHHbnQeHOnz7/P7+o3Nwq4cPV5Exp/vTv8usxq84GPwtdF7hyuRzbT0tTXZzUvVdmHgpUOGo9yMvHPW1wk/U4NjC97ZJf5maB/YaEAb9zTPNudKkm4xLcuZn5Bx0y72x6pjSHi2wmsAi7bmLRStR2LT8XVXU3dJ2dH6MGN5kGXufU0gnuXVdDBPGuheBtCCuuyuoR/syCxOPEDBnxQ== dongwook.test9@gmail.com\n",
            "template": "ssh-rsa AAAAB3NzaC1yc2EAAAADAQABAAACAQCxTJsDsy2InUlvI5prD//Fyx6Hv/eoRShPn5iDsOi9q8hrxAhjqFe1ES+yp3upoe4c5+d1BQVAnDrg4kYeHTFDjHaLRuk4MNPRjXRvJfGVW+PsabWijZjkTsrv6Vi5ydkjOp+pNAH2dJ2R5/VjRYbSE64CcrVj7ufhyDpbdqAbb671h0mROA0gZu2GZhtOaVBNTE23zPBAahv0g5tH5VZP4LUJMrg6uG7lyXWX9oz+qNAsBk8BTNOV+Of4QCn+yjVw8+TwVSUpySDT2WrI193q9QC0cuJ1D99bOM8k48Z8RrJ0CRXISg1j0xY8RByJnz5zQQjgXw1R9QZoq1J6HkTd4FBKx9E55DmrUahxVFrba7BofcZ+pypCsEqgIPeMCgvYEblQCxfQ5Ei4r52/8Ew7yqMwVdotKjeWqhRV0EbAe5+TO9e0NDZP8D/QO/+uG9qNon7ERGvFGlq73XuMj14MoHu0eHHbnQeHOnz7/P7+o3Nwq4cPV5Exp/vTv8usxq84GPwtdF7hyuRzbT0tTXZzUvVdmHgpUOGo9yMvHPW1wk/U4NjC97ZJf5maB/YaEAb9zTPNudKkm4xLcuZn5Bx0y72x6pjSHi2wmsAi7bmLRStR2LT8XVXU3dJ2dH6MGN5kGXufU0gnuXVdDBPGuheBtCCuuyuoR/syCxOPEDBnxQ== dongwook.test9@gmail.com\n",
            "vars": null
          },
          "sensitive_attributes": []
        }
      ]
    },
    {
      "mode": "managed",
      "type": "google_compute_instance",
      "name": "vm_instance",
      "provider": "provider[\"registry.terraform.io/hashicorp/google\"]",
      "instances": [
        {
          "index_key": 0,
          "schema_version": 6,
          "attributes": {
            "advanced_machine_features": [],
            "allow_stopping_for_update": null,
            "attached_disk": [],
            "boot_disk": [
              {
                "auto_delete": true,
                "device_name": "persistent-disk-0",
                "disk_encryption_key_raw": "",
                "disk_encryption_key_sha256": "",
                "initialize_params": [
                  {
                    "image": "https://www.googleapis.com/compute/v1/projects/ubuntu-os-cloud/global/images/ubuntu-2004-focal-v20230302",
                    "labels": {},
                    "size": 50,
                    "type": "pd-standard"
                  }
                ],
                "kms_key_self_link": "",
                "mode": "READ_WRITE",
                "source": "https://www.googleapis.com/compute/v1/projects/pseudo-de4e-123456/zones/us-west4-b/disks/terraform-instance-0"
              }
            ],
            "can_ip_forward": false,
            "confidential_instance_config": [],
            "cpu_platform": "Intel Broadwell",
            "current_status": "RUNNING",
            "deletion_protection": false,
            "description": "",
            "desired_status": null,
            "enable_display": false,
            "guest_accelerator": [],
            "hostname": "",
            "id": "projects/pseudo-de4e-123456/zones/us-west4-b/instances/terraform-instance-0",
            "instance_id": "6071850962332972436",
            "label_fingerprint": "42WmSpB8rSM=",
            "labels": null,
            "machine_type": "e2-standard-2",
            "metadata": {
              "ssh-keys": "dongwook.test9:ssh-rsa AAAAB3NzaC1yc2EAAAADAQABAAACAQCxTJsDsy2InUlvI5prD//Fyx6Hv/eoRShPn5iDsOi9q8hrxAhjqFe1ES+yp3upoe4c5+d1BQVAnDrg4kYeHTFDjHaLRuk4MNPRjXRvJfGVW+PsabWijZjkTsrv6Vi5ydkjOp+pNAH2dJ2R5/VjRYbSE64CcrVj7ufhyDpbdqAbb671h0mROA0gZu2GZhtOaVBNTE23zPBAahv0g5tH5VZP4LUJMrg6uG7lyXWX9oz+qNAsBk8BTNOV+Of4QCn+yjVw8+TwVSUpySDT2WrI193q9QC0cuJ1D99bOM8k48Z8RrJ0CRXISg1j0xY8RByJnz5zQQjgXw1R9QZoq1J6HkTd4FBKx9E55DmrUahxVFrba7BofcZ+pypCsEqgIPeMCgvYEblQCxfQ5Ei4r52/8Ew7yqMwVdotKjeWqhRV0EbAe5+TO9e0NDZP8D/QO/+uG9qNon7ERGvFGlq73XuMj14MoHu0eHHbnQeHOnz7/P7+o3Nwq4cPV5Exp/vTv8usxq84GPwtdF7hyuRzbT0tTXZzUvVdmHgpUOGo9yMvHPW1wk/U4NjC97ZJf5maB/YaEAb9zTPNudKkm4xLcuZn5Bx0y72x6pjSHi2wmsAi7bmLRStR2LT8XVXU3dJ2dH6MGN5kGXufU0gnuXVdDBPGuheBtCCuuyuoR/syCxOPEDBnxQ== dongwook.test9@gmail.com\n"
            },
            "metadata_fingerprint": "JN86TjXNIjE=",
            "metadata_startup_script": null,
            "min_cpu_platform": "",
            "name": "terraform-instance-0",
            "network_interface": [
              {
                "access_config": [
                  {
                    "nat_ip": "34.16.143.145",
                    "network_tier": "PREMIUM",
                    "public_ptr_domain_name": ""
                  }
                ],
                "alias_ip_range": [],
                "ipv6_access_config": [],
                "ipv6_access_type": "",
                "name": "nic0",
                "network": "https://www.googleapis.com/compute/v1/projects/pseudo-de4e-123456/global/networks/default",
                "network_ip": "10.182.0.2",
                "nic_type": "",
                "queue_count": 0,
                "stack_type": "IPV4_ONLY",
                "subnetwork": "https://www.googleapis.com/compute/v1/projects/pseudo-de4e-123456/regions/us-west4/subnetworks/default",
                "subnetwork_project": "pseudo-de4e-123456"
              }
            ],
            "project": "pseudo-de4e-123456",
            "reservation_affinity": [],
            "resource_policies": null,
            "scheduling": [
              {
                "automatic_restart": true,
                "instance_termination_action": "",
                "min_node_cpus": 0,
                "node_affinities": [],
                "on_host_maintenance": "MIGRATE",
                "preemptible": false,
                "provisioning_model": "STANDARD"
              }
            ],
            "scratch_disk": [],
            "self_link": "https://www.googleapis.com/compute/v1/projects/pseudo-de4e-123456/zones/us-west4-b/instances/terraform-instance-0",
            "service_account": [],
            "shielded_instance_config": [
              {
                "enable_integrity_monitoring": true,
                "enable_secure_boot": false,
                "enable_vtpm": true
              }
            ],
            "tags": null,
            "tags_fingerprint": "42WmSpB8rSM=",
            "timeouts": null,
            "zone": "us-west4-b"
          },
          "sensitive_attributes": [],
          "private": "eyJlMmJmYjczMC1lY2FhLTExZTYtOGY4OC0zNDM2M2JjN2M0YzAiOnsiY3JlYXRlIjoxMjAwMDAwMDAwMDAwLCJkZWxldGUiOjEyMDAwMDAwMDAwMDAsInVwZGF0ZSI6MTIwMDAwMDAwMDAwMH0sInNjaGVtYV92ZXJzaW9uIjoiNiJ9",
          "dependencies": [
            "data.template_file.ssh_key"
          ]
        }
      ]
    }
  ],
  "check_results": null
}
